// !$*UTF8*$!
{
	archiveVersion = 1;
	classes = {
	};
	objectVersion = 56;
	objects = {

/* Begin PBXBuildFile section */
		3806887E2C20D5F500576E0E /* Pipe.swift in Sources */ = {isa = PBXBuildFile; fileRef = 3806887D2C20D5F500576E0E /* Pipe.swift */; };
		384943362C49A724008EF827 /* flappy-font.ttf in Resources */ = {isa = PBXBuildFile; fileRef = 384943352C49A724008EF827 /* flappy-font.ttf */; };
		3849433D2C49AD8E008EF827 /* sfx_swooshing.wav in Resources */ = {isa = PBXBuildFile; fileRef = 384943382C49AD8E008EF827 /* sfx_swooshing.wav */; };
		3849433E2C49AD8E008EF827 /* sfx_wing.wav in Resources */ = {isa = PBXBuildFile; fileRef = 384943392C49AD8E008EF827 /* sfx_wing.wav */; };
		3849433F2C49AD8E008EF827 /* sfx_hit.wav in Resources */ = {isa = PBXBuildFile; fileRef = 3849433A2C49AD8E008EF827 /* sfx_hit.wav */; };
		384943402C49AD8E008EF827 /* sfx_point.wav in Resources */ = {isa = PBXBuildFile; fileRef = 3849433B2C49AD8E008EF827 /* sfx_point.wav */; };
		384943412C49AD8E008EF827 /* sfx_die.wav in Resources */ = {isa = PBXBuildFile; fileRef = 3849433C2C49AD8E008EF827 /* sfx_die.wav */; };
		3874A5042C675DCB00C1B2C6 /* MenuView.swift in Sources */ = {isa = PBXBuildFile; fileRef = 3874A5032C675DCB00C1B2C6 /* MenuView.swift */; };
		3897CBC52C91F8EE008039A0 /* flappy-font.ttf in Resources */ = {isa = PBXBuildFile; fileRef = 384943352C49A724008EF827 /* flappy-font.ttf */; };
		3897CBC62C91F94B008039A0 /* ContentView.swift in Sources */ = {isa = PBXBuildFile; fileRef = 3899F37A2C146377000E6696 /* ContentView.swift */; };
		3897CBC72C91FA94008039A0 /* MenuView.swift in Sources */ = {isa = PBXBuildFile; fileRef = 3874A5032C675DCB00C1B2C6 /* MenuView.swift */; };
		3897CBC82C91FA94008039A0 /* GameScene.swift in Sources */ = {isa = PBXBuildFile; fileRef = 3899F3862C1463AC000E6696 /* GameScene.swift */; };
		3897CBC92C91FA94008039A0 /* Pipe.swift in Sources */ = {isa = PBXBuildFile; fileRef = 3806887D2C20D5F500576E0E /* Pipe.swift */; };
		3899F3792C146377000E6696 /* FlappyBirdApp.swift in Sources */ = {isa = PBXBuildFile; fileRef = 3899F3782C146377000E6696 /* FlappyBirdApp.swift */; };
		3899F37B2C146377000E6696 /* ContentView.swift in Sources */ = {isa = PBXBuildFile; fileRef = 3899F37A2C146377000E6696 /* ContentView.swift */; };
		3899F37D2C146379000E6696 /* Assets.xcassets in Resources */ = {isa = PBXBuildFile; fileRef = 3899F37C2C146379000E6696 /* Assets.xcassets */; };
		3899F3802C146379000E6696 /* Preview Assets.xcassets in Resources */ = {isa = PBXBuildFile; fileRef = 3899F37F2C146379000E6696 /* Preview Assets.xcassets */; };
		3899F3872C1463AD000E6696 /* GameScene.swift in Sources */ = {isa = PBXBuildFile; fileRef = 3899F3862C1463AC000E6696 /* GameScene.swift */; };
		38A74C8D2C4A6B3200CFD175 /* LaunchScreenStateManager.swift in Sources */ = {isa = PBXBuildFile; fileRef = 38A74C8B2C4A6B3200CFD175 /* LaunchScreenStateManager.swift */; };
		38A74C8E2C4A6B3200CFD175 /* LaunchScreenView.swift in Sources */ = {isa = PBXBuildFile; fileRef = 38A74C8C2C4A6B3200CFD175 /* LaunchScreenView.swift */; };
		38A74C902C4A6B4000CFD175 /* LaunchScreenStep.swift in Sources */ = {isa = PBXBuildFile; fileRef = 38A74C8F2C4A6B4000CFD175 /* LaunchScreenStep.swift */; };
		38B0FA0A2C91F16B00866709 /* WidgetKit.framework in Frameworks */ = {isa = PBXBuildFile; fileRef = 38B0FA092C91F16B00866709 /* WidgetKit.framework */; };
		38B0FA0C2C91F16B00866709 /* SwiftUI.framework in Frameworks */ = {isa = PBXBuildFile; fileRef = 38B0FA0B2C91F16B00866709 /* SwiftUI.framework */; };
		38B0FA0F2C91F16B00866709 /* FlappyWidgetBundle.swift in Sources */ = {isa = PBXBuildFile; fileRef = 38B0FA0E2C91F16B00866709 /* FlappyWidgetBundle.swift */; };
		38B0FA112C91F16B00866709 /* FlappyWidgetLiveActivity.swift in Sources */ = {isa = PBXBuildFile; fileRef = 38B0FA102C91F16B00866709 /* FlappyWidgetLiveActivity.swift */; };
		38B0FA132C91F16B00866709 /* FlappyWidget.swift in Sources */ = {isa = PBXBuildFile; fileRef = 38B0FA122C91F16B00866709 /* FlappyWidget.swift */; };
		38B0FA152C91F16B00866709 /* AppIntent.swift in Sources */ = {isa = PBXBuildFile; fileRef = 38B0FA142C91F16B00866709 /* AppIntent.swift */; };
		38B0FA172C91F16E00866709 /* Assets.xcassets in Resources */ = {isa = PBXBuildFile; fileRef = 38B0FA162C91F16E00866709 /* Assets.xcassets */; };
		38B0FA1B2C91F16E00866709 /* FlappyWidgetExtension.appex in Embed Foundation Extensions */ = {isa = PBXBuildFile; fileRef = 38B0FA072C91F16B00866709 /* FlappyWidgetExtension.appex */; settings = {ATTRIBUTES = (RemoveHeadersOnCopy, ); }; };
		38B0FA202C91F2B000866709 /* LaunchScreenView.swift in Sources */ = {isa = PBXBuildFile; fileRef = 38A74C8C2C4A6B3200CFD175 /* LaunchScreenView.swift */; };
		38B0FA212C91F2B000866709 /* LaunchScreenStep.swift in Sources */ = {isa = PBXBuildFile; fileRef = 38A74C8F2C4A6B4000CFD175 /* LaunchScreenStep.swift */; };
		38B0FA222C91F2B000866709 /* LaunchScreenStateManager.swift in Sources */ = {isa = PBXBuildFile; fileRef = 38A74C8B2C4A6B3200CFD175 /* LaunchScreenStateManager.swift */; };
		38B0FA232C91F41600866709 /* Assets.xcassets in Resources */ = {isa = PBXBuildFile; fileRef = 3899F37C2C146379000E6696 /* Assets.xcassets */; };
/* End PBXBuildFile section */

/* Begin PBXContainerItemProxy section */
		38B0FA192C91F16E00866709 /* PBXContainerItemProxy */ = {
			isa = PBXContainerItemProxy;
			containerPortal = 3899F36D2C146376000E6696 /* Project object */;
			proxyType = 1;
			remoteGlobalIDString = 38B0FA062C91F16B00866709;
			remoteInfo = FlappyWidgetExtension;
		};
/* End PBXContainerItemProxy section */

/* Begin PBXCopyFilesBuildPhase section */
		38B0FA1C2C91F16E00866709 /* Embed Foundation Extensions */ = {
			isa = PBXCopyFilesBuildPhase;
			buildActionMask = 2147483647;
			dstPath = "";
			dstSubfolderSpec = 13;
			files = (
				38B0FA1B2C91F16E00866709 /* FlappyWidgetExtension.appex in Embed Foundation Extensions */,
			);
			name = "Embed Foundation Extensions";
			runOnlyForDeploymentPostprocessing = 0;
		};
/* End PBXCopyFilesBuildPhase section */

/* Begin PBXFileReference section */
		3806887D2C20D5F500576E0E /* Pipe.swift */ = {isa = PBXFileReference; lastKnownFileType = sourcecode.swift; path = Pipe.swift; sourceTree = "<group>"; };
		384943352C49A724008EF827 /* flappy-font.ttf */ = {isa = PBXFileReference; lastKnownFileType = file; path = "flappy-font.ttf"; sourceTree = "<group>"; };
		384943372C49A72F008EF827 /* Info.plist */ = {isa = PBXFileReference; lastKnownFileType = text.plist.xml; path = Info.plist; sourceTree = "<group>"; };
		384943382C49AD8E008EF827 /* sfx_swooshing.wav */ = {isa = PBXFileReference; lastKnownFileType = audio.wav; path = sfx_swooshing.wav; sourceTree = "<group>"; };
		384943392C49AD8E008EF827 /* sfx_wing.wav */ = {isa = PBXFileReference; lastKnownFileType = audio.wav; path = sfx_wing.wav; sourceTree = "<group>"; };
		3849433A2C49AD8E008EF827 /* sfx_hit.wav */ = {isa = PBXFileReference; lastKnownFileType = audio.wav; path = sfx_hit.wav; sourceTree = "<group>"; };
		3849433B2C49AD8E008EF827 /* sfx_point.wav */ = {isa = PBXFileReference; lastKnownFileType = audio.wav; path = sfx_point.wav; sourceTree = "<group>"; };
		3849433C2C49AD8E008EF827 /* sfx_die.wav */ = {isa = PBXFileReference; lastKnownFileType = audio.wav; path = sfx_die.wav; sourceTree = "<group>"; };
		3874A5032C675DCB00C1B2C6 /* MenuView.swift */ = {isa = PBXFileReference; lastKnownFileType = sourcecode.swift; path = MenuView.swift; sourceTree = "<group>"; };
		388E36F92C9335FD00764B5D /* FlappyWidgetExtension.entitlements */ = {isa = PBXFileReference; lastKnownFileType = text.plist.entitlements; path = FlappyWidgetExtension.entitlements; sourceTree = "<group>"; };
		3897CBCA2C91FCEE008039A0 /* FlappyBird.entitlements */ = {isa = PBXFileReference; lastKnownFileType = text.plist.entitlements; path = FlappyBird.entitlements; sourceTree = "<group>"; };
		3899F3752C146377000E6696 /* FlappyBird.app */ = {isa = PBXFileReference; explicitFileType = wrapper.application; includeInIndex = 0; path = FlappyBird.app; sourceTree = BUILT_PRODUCTS_DIR; };
		3899F3782C146377000E6696 /* FlappyBirdApp.swift */ = {isa = PBXFileReference; lastKnownFileType = sourcecode.swift; path = FlappyBirdApp.swift; sourceTree = "<group>"; };
		3899F37A2C146377000E6696 /* ContentView.swift */ = {isa = PBXFileReference; lastKnownFileType = sourcecode.swift; path = ContentView.swift; sourceTree = "<group>"; };
		3899F37C2C146379000E6696 /* Assets.xcassets */ = {isa = PBXFileReference; lastKnownFileType = folder.assetcatalog; path = Assets.xcassets; sourceTree = "<group>"; };
		3899F37F2C146379000E6696 /* Preview Assets.xcassets */ = {isa = PBXFileReference; lastKnownFileType = folder.assetcatalog; path = "Preview Assets.xcassets"; sourceTree = "<group>"; };
		3899F3862C1463AC000E6696 /* GameScene.swift */ = {isa = PBXFileReference; lastKnownFileType = sourcecode.swift; path = GameScene.swift; sourceTree = "<group>"; };
		38A74C8B2C4A6B3200CFD175 /* LaunchScreenStateManager.swift */ = {isa = PBXFileReference; fileEncoding = 4; lastKnownFileType = sourcecode.swift; path = LaunchScreenStateManager.swift; sourceTree = "<group>"; };
		38A74C8C2C4A6B3200CFD175 /* LaunchScreenView.swift */ = {isa = PBXFileReference; fileEncoding = 4; lastKnownFileType = sourcecode.swift; path = LaunchScreenView.swift; sourceTree = "<group>"; };
		38A74C8F2C4A6B4000CFD175 /* LaunchScreenStep.swift */ = {isa = PBXFileReference; fileEncoding = 4; lastKnownFileType = sourcecode.swift; path = LaunchScreenStep.swift; sourceTree = "<group>"; };
		38B0FA072C91F16B00866709 /* FlappyWidgetExtension.appex */ = {isa = PBXFileReference; explicitFileType = "wrapper.app-extension"; includeInIndex = 0; path = FlappyWidgetExtension.appex; sourceTree = BUILT_PRODUCTS_DIR; };
		38B0FA092C91F16B00866709 /* WidgetKit.framework */ = {isa = PBXFileReference; lastKnownFileType = wrapper.framework; name = WidgetKit.framework; path = System/Library/Frameworks/WidgetKit.framework; sourceTree = SDKROOT; };
		38B0FA0B2C91F16B00866709 /* SwiftUI.framework */ = {isa = PBXFileReference; lastKnownFileType = wrapper.framework; name = SwiftUI.framework; path = System/Library/Frameworks/SwiftUI.framework; sourceTree = SDKROOT; };
		38B0FA0E2C91F16B00866709 /* FlappyWidgetBundle.swift */ = {isa = PBXFileReference; lastKnownFileType = sourcecode.swift; path = FlappyWidgetBundle.swift; sourceTree = "<group>"; };
		38B0FA102C91F16B00866709 /* FlappyWidgetLiveActivity.swift */ = {isa = PBXFileReference; lastKnownFileType = sourcecode.swift; path = FlappyWidgetLiveActivity.swift; sourceTree = "<group>"; };
		38B0FA122C91F16B00866709 /* FlappyWidget.swift */ = {isa = PBXFileReference; lastKnownFileType = sourcecode.swift; path = FlappyWidget.swift; sourceTree = "<group>"; };
		38B0FA142C91F16B00866709 /* AppIntent.swift */ = {isa = PBXFileReference; lastKnownFileType = sourcecode.swift; path = AppIntent.swift; sourceTree = "<group>"; };
		38B0FA162C91F16E00866709 /* Assets.xcassets */ = {isa = PBXFileReference; lastKnownFileType = folder.assetcatalog; path = Assets.xcassets; sourceTree = "<group>"; };
		38B0FA182C91F16E00866709 /* Info.plist */ = {isa = PBXFileReference; lastKnownFileType = text.plist.xml; path = Info.plist; sourceTree = "<group>"; };
/* End PBXFileReference section */

/* Begin PBXFrameworksBuildPhase section */
		3899F3722C146377000E6696 /* Frameworks */ = {
			isa = PBXFrameworksBuildPhase;
			buildActionMask = 2147483647;
			files = (
			);
			runOnlyForDeploymentPostprocessing = 0;
		};
		38B0FA042C91F16B00866709 /* Frameworks */ = {
			isa = PBXFrameworksBuildPhase;
			buildActionMask = 2147483647;
			files = (
				38B0FA0C2C91F16B00866709 /* SwiftUI.framework in Frameworks */,
				38B0FA0A2C91F16B00866709 /* WidgetKit.framework in Frameworks */,
			);
			runOnlyForDeploymentPostprocessing = 0;
		};
/* End PBXFrameworksBuildPhase section */

/* Begin PBXGroup section */
		384943422C49AD96008EF827 /* sounds */ = {
			isa = PBXGroup;
			children = (
				3849433C2C49AD8E008EF827 /* sfx_die.wav */,
				3849433A2C49AD8E008EF827 /* sfx_hit.wav */,
				3849433B2C49AD8E008EF827 /* sfx_point.wav */,
				384943382C49AD8E008EF827 /* sfx_swooshing.wav */,
				384943392C49AD8E008EF827 /* sfx_wing.wav */,
			);
			path = sounds;
			sourceTree = "<group>";
		};
		3899F36C2C146376000E6696 = {
			isa = PBXGroup;
			children = (
				388E36F92C9335FD00764B5D /* FlappyWidgetExtension.entitlements */,
				3899F3772C146377000E6696 /* FlappyBird */,
				38B0FA0D2C91F16B00866709 /* FlappyWidget */,
				38B0FA082C91F16B00866709 /* Frameworks */,
				3899F3762C146377000E6696 /* Products */,
			);
			sourceTree = "<group>";
		};
		3899F3762C146377000E6696 /* Products */ = {
			isa = PBXGroup;
			children = (
				3899F3752C146377000E6696 /* FlappyBird.app */,
				38B0FA072C91F16B00866709 /* FlappyWidgetExtension.appex */,
			);
			name = Products;
			sourceTree = "<group>";
		};
		3899F3772C146377000E6696 /* FlappyBird */ = {
			isa = PBXGroup;
			children = (
				3897CBCA2C91FCEE008039A0 /* FlappyBird.entitlements */,
				384943372C49A72F008EF827 /* Info.plist */,
				3899F3782C146377000E6696 /* FlappyBirdApp.swift */,
				384943352C49A724008EF827 /* flappy-font.ttf */,
				3899F37A2C146377000E6696 /* ContentView.swift */,
				3874A5032C675DCB00C1B2C6 /* MenuView.swift */,
				3899F3862C1463AC000E6696 /* GameScene.swift */,
				3806887D2C20D5F500576E0E /* Pipe.swift */,
				38A74C8A2C4A6B0F00CFD175 /* LaunchScreen */,
				384943422C49AD96008EF827 /* sounds */,
				3899F37C2C146379000E6696 /* Assets.xcassets */,
				3899F37E2C146379000E6696 /* Preview Content */,
			);
			path = FlappyBird;
			sourceTree = "<group>";
		};
		3899F37E2C146379000E6696 /* Preview Content */ = {
			isa = PBXGroup;
			children = (
				3899F37F2C146379000E6696 /* Preview Assets.xcassets */,
			);
			path = "Preview Content";
			sourceTree = "<group>";
		};
		38A74C8A2C4A6B0F00CFD175 /* LaunchScreen */ = {
			isa = PBXGroup;
			children = (
				38A74C8B2C4A6B3200CFD175 /* LaunchScreenStateManager.swift */,
				38A74C8F2C4A6B4000CFD175 /* LaunchScreenStep.swift */,
				38A74C8C2C4A6B3200CFD175 /* LaunchScreenView.swift */,
			);
			path = LaunchScreen;
			sourceTree = "<group>";
		};
		38B0FA082C91F16B00866709 /* Frameworks */ = {
			isa = PBXGroup;
			children = (
				38B0FA092C91F16B00866709 /* WidgetKit.framework */,
				38B0FA0B2C91F16B00866709 /* SwiftUI.framework */,
			);
			name = Frameworks;
			sourceTree = "<group>";
		};
		38B0FA0D2C91F16B00866709 /* FlappyWidget */ = {
			isa = PBXGroup;
			children = (
				38B0FA0E2C91F16B00866709 /* FlappyWidgetBundle.swift */,
				38B0FA102C91F16B00866709 /* FlappyWidgetLiveActivity.swift */,
				38B0FA122C91F16B00866709 /* FlappyWidget.swift */,
				38B0FA142C91F16B00866709 /* AppIntent.swift */,
				38B0FA162C91F16E00866709 /* Assets.xcassets */,
				38B0FA182C91F16E00866709 /* Info.plist */,
			);
			path = FlappyWidget;
			sourceTree = "<group>";
		};
/* End PBXGroup section */

/* Begin PBXNativeTarget section */
		3899F3742C146377000E6696 /* FlappyBird */ = {
			isa = PBXNativeTarget;
			buildConfigurationList = 3899F3832C146379000E6696 /* Build configuration list for PBXNativeTarget "FlappyBird" */;
			buildPhases = (
				3899F3712C146377000E6696 /* Sources */,
				3899F3722C146377000E6696 /* Frameworks */,
				3899F3732C146377000E6696 /* Resources */,
				38B0FA1C2C91F16E00866709 /* Embed Foundation Extensions */,
			);
			buildRules = (
			);
			dependencies = (
				38B0FA1A2C91F16E00866709 /* PBXTargetDependency */,
			);
			name = FlappyBird;
			productName = FlappyBird;
			productReference = 3899F3752C146377000E6696 /* FlappyBird.app */;
			productType = "com.apple.product-type.application";
		};
		38B0FA062C91F16B00866709 /* FlappyWidgetExtension */ = {
			isa = PBXNativeTarget;
			buildConfigurationList = 38B0FA1F2C91F16E00866709 /* Build configuration list for PBXNativeTarget "FlappyWidgetExtension" */;
			buildPhases = (
				38B0FA032C91F16B00866709 /* Sources */,
				38B0FA042C91F16B00866709 /* Frameworks */,
				38B0FA052C91F16B00866709 /* Resources */,
			);
			buildRules = (
			);
			dependencies = (
			);
			name = FlappyWidgetExtension;
			productName = FlappyWidgetExtension;
			productReference = 38B0FA072C91F16B00866709 /* FlappyWidgetExtension.appex */;
			productType = "com.apple.product-type.app-extension";
		};
/* End PBXNativeTarget section */

/* Begin PBXProject section */
		3899F36D2C146376000E6696 /* Project object */ = {
			isa = PBXProject;
			attributes = {
				BuildIndependentTargetsInParallel = 1;
				LastSwiftUpdateCheck = 1540;
				LastUpgradeCheck = 1540;
				TargetAttributes = {
					3899F3742C146377000E6696 = {
						CreatedOnToolsVersion = 15.4;
					};
					38B0FA062C91F16B00866709 = {
						CreatedOnToolsVersion = 15.4;
					};
				};
			};
			buildConfigurationList = 3899F3702C146376000E6696 /* Build configuration list for PBXProject "FlappyBird" */;
			compatibilityVersion = "Xcode 14.0";
			developmentRegion = en;
			hasScannedForEncodings = 0;
			knownRegions = (
				en,
				Base,
			);
			mainGroup = 3899F36C2C146376000E6696;
			productRefGroup = 3899F3762C146377000E6696 /* Products */;
			projectDirPath = "";
			projectRoot = "";
			targets = (
				3899F3742C146377000E6696 /* FlappyBird */,
				38B0FA062C91F16B00866709 /* FlappyWidgetExtension */,
			);
		};
/* End PBXProject section */

/* Begin PBXResourcesBuildPhase section */
		3899F3732C146377000E6696 /* Resources */ = {
			isa = PBXResourcesBuildPhase;
			buildActionMask = 2147483647;
			files = (
				384943362C49A724008EF827 /* flappy-font.ttf in Resources */,
				384943412C49AD8E008EF827 /* sfx_die.wav in Resources */,
				3899F3802C146379000E6696 /* Preview Assets.xcassets in Resources */,
				3849433F2C49AD8E008EF827 /* sfx_hit.wav in Resources */,
				3849433D2C49AD8E008EF827 /* sfx_swooshing.wav in Resources */,
				3899F37D2C146379000E6696 /* Assets.xcassets in Resources */,
				384943402C49AD8E008EF827 /* sfx_point.wav in Resources */,
				3849433E2C49AD8E008EF827 /* sfx_wing.wav in Resources */,
			);
			runOnlyForDeploymentPostprocessing = 0;
		};
		38B0FA052C91F16B00866709 /* Resources */ = {
			isa = PBXResourcesBuildPhase;
			buildActionMask = 2147483647;
			files = (
				3897CBC52C91F8EE008039A0 /* flappy-font.ttf in Resources */,
				38B0FA232C91F41600866709 /* Assets.xcassets in Resources */,
				38B0FA172C91F16E00866709 /* Assets.xcassets in Resources */,
			);
			runOnlyForDeploymentPostprocessing = 0;
		};
/* End PBXResourcesBuildPhase section */

/* Begin PBXSourcesBuildPhase section */
		3899F3712C146377000E6696 /* Sources */ = {
			isa = PBXSourcesBuildPhase;
			buildActionMask = 2147483647;
			files = (
				3899F3872C1463AD000E6696 /* GameScene.swift in Sources */,
				3874A5042C675DCB00C1B2C6 /* MenuView.swift in Sources */,
				3899F37B2C146377000E6696 /* ContentView.swift in Sources */,
				38A74C8D2C4A6B3200CFD175 /* LaunchScreenStateManager.swift in Sources */,
				38A74C902C4A6B4000CFD175 /* LaunchScreenStep.swift in Sources */,
				3899F3792C146377000E6696 /* FlappyBirdApp.swift in Sources */,
				3806887E2C20D5F500576E0E /* Pipe.swift in Sources */,
				38A74C8E2C4A6B3200CFD175 /* LaunchScreenView.swift in Sources */,
			);
			runOnlyForDeploymentPostprocessing = 0;
		};
		38B0FA032C91F16B00866709 /* Sources */ = {
			isa = PBXSourcesBuildPhase;
			buildActionMask = 2147483647;
			files = (
				38B0FA112C91F16B00866709 /* FlappyWidgetLiveActivity.swift in Sources */,
				3897CBC72C91FA94008039A0 /* MenuView.swift in Sources */,
				3897CBC82C91FA94008039A0 /* GameScene.swift in Sources */,
				3897CBC92C91FA94008039A0 /* Pipe.swift in Sources */,
				38B0FA202C91F2B000866709 /* LaunchScreenView.swift in Sources */,
				3897CBC62C91F94B008039A0 /* ContentView.swift in Sources */,
				38B0FA212C91F2B000866709 /* LaunchScreenStep.swift in Sources */,
				38B0FA222C91F2B000866709 /* LaunchScreenStateManager.swift in Sources */,
				38B0FA152C91F16B00866709 /* AppIntent.swift in Sources */,
				38B0FA0F2C91F16B00866709 /* FlappyWidgetBundle.swift in Sources */,
				38B0FA132C91F16B00866709 /* FlappyWidget.swift in Sources */,
			);
			runOnlyForDeploymentPostprocessing = 0;
		};
/* End PBXSourcesBuildPhase section */

/* Begin PBXTargetDependency section */
		38B0FA1A2C91F16E00866709 /* PBXTargetDependency */ = {
			isa = PBXTargetDependency;
			target = 38B0FA062C91F16B00866709 /* FlappyWidgetExtension */;
			targetProxy = 38B0FA192C91F16E00866709 /* PBXContainerItemProxy */;
		};
/* End PBXTargetDependency section */

/* Begin XCBuildConfiguration section */
		3899F3812C146379000E6696 /* Debug */ = {
			isa = XCBuildConfiguration;
			buildSettings = {
				ALWAYS_SEARCH_USER_PATHS = NO;
				ASSETCATALOG_COMPILER_GENERATE_SWIFT_ASSET_SYMBOL_EXTENSIONS = YES;
				CLANG_ANALYZER_NONNULL = YES;
				CLANG_ANALYZER_NUMBER_OBJECT_CONVERSION = YES_AGGRESSIVE;
				CLANG_CXX_LANGUAGE_STANDARD = "gnu++20";
				CLANG_ENABLE_MODULES = YES;
				CLANG_ENABLE_OBJC_ARC = YES;
				CLANG_ENABLE_OBJC_WEAK = YES;
				CLANG_WARN_BLOCK_CAPTURE_AUTORELEASING = YES;
				CLANG_WARN_BOOL_CONVERSION = YES;
				CLANG_WARN_COMMA = YES;
				CLANG_WARN_CONSTANT_CONVERSION = YES;
				CLANG_WARN_DEPRECATED_OBJC_IMPLEMENTATIONS = YES;
				CLANG_WARN_DIRECT_OBJC_ISA_USAGE = YES_ERROR;
				CLANG_WARN_DOCUMENTATION_COMMENTS = YES;
				CLANG_WARN_EMPTY_BODY = YES;
				CLANG_WARN_ENUM_CONVERSION = YES;
				CLANG_WARN_INFINITE_RECURSION = YES;
				CLANG_WARN_INT_CONVERSION = YES;
				CLANG_WARN_NON_LITERAL_NULL_CONVERSION = YES;
				CLANG_WARN_OBJC_IMPLICIT_RETAIN_SELF = YES;
				CLANG_WARN_OBJC_LITERAL_CONVERSION = YES;
				CLANG_WARN_OBJC_ROOT_CLASS = YES_ERROR;
				CLANG_WARN_QUOTED_INCLUDE_IN_FRAMEWORK_HEADER = YES;
				CLANG_WARN_RANGE_LOOP_ANALYSIS = YES;
				CLANG_WARN_STRICT_PROTOTYPES = YES;
				CLANG_WARN_SUSPICIOUS_MOVE = YES;
				CLANG_WARN_UNGUARDED_AVAILABILITY = YES_AGGRESSIVE;
				CLANG_WARN_UNREACHABLE_CODE = YES;
				CLANG_WARN__DUPLICATE_METHOD_MATCH = YES;
				COPY_PHASE_STRIP = NO;
				DEBUG_INFORMATION_FORMAT = dwarf;
				ENABLE_STRICT_OBJC_MSGSEND = YES;
				ENABLE_TESTABILITY = YES;
				ENABLE_USER_SCRIPT_SANDBOXING = YES;
				GCC_C_LANGUAGE_STANDARD = gnu17;
				GCC_DYNAMIC_NO_PIC = NO;
				GCC_NO_COMMON_BLOCKS = YES;
				GCC_OPTIMIZATION_LEVEL = 0;
				GCC_PREPROCESSOR_DEFINITIONS = (
					"DEBUG=1",
					"$(inherited)",
				);
				GCC_WARN_64_TO_32_BIT_CONVERSION = YES;
				GCC_WARN_ABOUT_RETURN_TYPE = YES_ERROR;
				GCC_WARN_UNDECLARED_SELECTOR = YES;
				GCC_WARN_UNINITIALIZED_AUTOS = YES_AGGRESSIVE;
				GCC_WARN_UNUSED_FUNCTION = YES;
				GCC_WARN_UNUSED_VARIABLE = YES;
				IPHONEOS_DEPLOYMENT_TARGET = 17.5;
				LOCALIZATION_PREFERS_STRING_CATALOGS = YES;
				MTL_ENABLE_DEBUG_INFO = INCLUDE_SOURCE;
				MTL_FAST_MATH = YES;
				ONLY_ACTIVE_ARCH = YES;
				SDKROOT = iphoneos;
				SWIFT_ACTIVE_COMPILATION_CONDITIONS = "DEBUG $(inherited)";
				SWIFT_OPTIMIZATION_LEVEL = "-Onone";
			};
			name = Debug;
		};
		3899F3822C146379000E6696 /* Release */ = {
			isa = XCBuildConfiguration;
			buildSettings = {
				ALWAYS_SEARCH_USER_PATHS = NO;
				ASSETCATALOG_COMPILER_GENERATE_SWIFT_ASSET_SYMBOL_EXTENSIONS = YES;
				CLANG_ANALYZER_NONNULL = YES;
				CLANG_ANALYZER_NUMBER_OBJECT_CONVERSION = YES_AGGRESSIVE;
				CLANG_CXX_LANGUAGE_STANDARD = "gnu++20";
				CLANG_ENABLE_MODULES = YES;
				CLANG_ENABLE_OBJC_ARC = YES;
				CLANG_ENABLE_OBJC_WEAK = YES;
				CLANG_WARN_BLOCK_CAPTURE_AUTORELEASING = YES;
				CLANG_WARN_BOOL_CONVERSION = YES;
				CLANG_WARN_COMMA = YES;
				CLANG_WARN_CONSTANT_CONVERSION = YES;
				CLANG_WARN_DEPRECATED_OBJC_IMPLEMENTATIONS = YES;
				CLANG_WARN_DIRECT_OBJC_ISA_USAGE = YES_ERROR;
				CLANG_WARN_DOCUMENTATION_COMMENTS = YES;
				CLANG_WARN_EMPTY_BODY = YES;
				CLANG_WARN_ENUM_CONVERSION = YES;
				CLANG_WARN_INFINITE_RECURSION = YES;
				CLANG_WARN_INT_CONVERSION = YES;
				CLANG_WARN_NON_LITERAL_NULL_CONVERSION = YES;
				CLANG_WARN_OBJC_IMPLICIT_RETAIN_SELF = YES;
				CLANG_WARN_OBJC_LITERAL_CONVERSION = YES;
				CLANG_WARN_OBJC_ROOT_CLASS = YES_ERROR;
				CLANG_WARN_QUOTED_INCLUDE_IN_FRAMEWORK_HEADER = YES;
				CLANG_WARN_RANGE_LOOP_ANALYSIS = YES;
				CLANG_WARN_STRICT_PROTOTYPES = YES;
				CLANG_WARN_SUSPICIOUS_MOVE = YES;
				CLANG_WARN_UNGUARDED_AVAILABILITY = YES_AGGRESSIVE;
				CLANG_WARN_UNREACHABLE_CODE = YES;
				CLANG_WARN__DUPLICATE_METHOD_MATCH = YES;
				COPY_PHASE_STRIP = NO;
				DEBUG_INFORMATION_FORMAT = "dwarf-with-dsym";
				ENABLE_NS_ASSERTIONS = NO;
				ENABLE_STRICT_OBJC_MSGSEND = YES;
				ENABLE_USER_SCRIPT_SANDBOXING = YES;
				GCC_C_LANGUAGE_STANDARD = gnu17;
				GCC_NO_COMMON_BLOCKS = YES;
				GCC_WARN_64_TO_32_BIT_CONVERSION = YES;
				GCC_WARN_ABOUT_RETURN_TYPE = YES_ERROR;
				GCC_WARN_UNDECLARED_SELECTOR = YES;
				GCC_WARN_UNINITIALIZED_AUTOS = YES_AGGRESSIVE;
				GCC_WARN_UNUSED_FUNCTION = YES;
				GCC_WARN_UNUSED_VARIABLE = YES;
				IPHONEOS_DEPLOYMENT_TARGET = 17.5;
				LOCALIZATION_PREFERS_STRING_CATALOGS = YES;
				MTL_ENABLE_DEBUG_INFO = NO;
				MTL_FAST_MATH = YES;
				SDKROOT = iphoneos;
				SWIFT_COMPILATION_MODE = wholemodule;
				VALIDATE_PRODUCT = YES;
			};
			name = Release;
		};
		3899F3842C146379000E6696 /* Debug */ = {
			isa = XCBuildConfiguration;
			buildSettings = {
				ALWAYS_EMBED_SWIFT_STANDARD_LIBRARIES = YES;
				ASSETCATALOG_COMPILER_APPICON_NAME = AppIcon;
				ASSETCATALOG_COMPILER_GLOBAL_ACCENT_COLOR_NAME = AccentColor;
				CODE_SIGN_ENTITLEMENTS = FlappyBird/FlappyBird.entitlements;
				CODE_SIGN_STYLE = Automatic;
				CURRENT_PROJECT_VERSION = 1;
				DEVELOPMENT_ASSET_PATHS = "\"FlappyBird/Preview Content\"";
				DEVELOPMENT_TEAM = VVZTWZLT4N;
				ENABLE_PREVIEWS = YES;
				GENERATE_INFOPLIST_FILE = YES;
				INFOPLIST_FILE = FlappyBird/Info.plist;
				INFOPLIST_KEY_UIApplicationSceneManifest_Generation = YES;
				INFOPLIST_KEY_UIApplicationSupportsIndirectInputEvents = YES;
				INFOPLIST_KEY_UILaunchScreen_Generation = YES;
				INFOPLIST_KEY_UISupportedInterfaceOrientations_iPad = "UIInterfaceOrientationPortrait UIInterfaceOrientationPortraitUpsideDown UIInterfaceOrientationLandscapeLeft UIInterfaceOrientationLandscapeRight";
				INFOPLIST_KEY_UISupportedInterfaceOrientations_iPhone = "UIInterfaceOrientationPortrait UIInterfaceOrientationLandscapeLeft UIInterfaceOrientationLandscapeRight";
				IPHONEOS_DEPLOYMENT_TARGET = 17.0;
				LD_RUNPATH_SEARCH_PATHS = (
					"$(inherited)",
					"@executable_path/Frameworks",
				);
				MARKETING_VERSION = 1.0;
				PRODUCT_BUNDLE_IDENTIFIER = TheRain.FlappyBird;
				PRODUCT_NAME = "$(TARGET_NAME)";
				SWIFT_EMIT_LOC_STRINGS = YES;
				SWIFT_VERSION = 5.0;
				TARGETED_DEVICE_FAMILY = "1,2";
			};
			name = Debug;
		};
		3899F3852C146379000E6696 /* Release */ = {
			isa = XCBuildConfiguration;
			buildSettings = {
				ALWAYS_EMBED_SWIFT_STANDARD_LIBRARIES = YES;
				ASSETCATALOG_COMPILER_APPICON_NAME = AppIcon;
				ASSETCATALOG_COMPILER_GLOBAL_ACCENT_COLOR_NAME = AccentColor;
				CODE_SIGN_ENTITLEMENTS = FlappyBird/FlappyBird.entitlements;
				CODE_SIGN_STYLE = Automatic;
				CURRENT_PROJECT_VERSION = 1;
				DEVELOPMENT_ASSET_PATHS = "\"FlappyBird/Preview Content\"";
				DEVELOPMENT_TEAM = VVZTWZLT4N;
				ENABLE_PREVIEWS = YES;
				GENERATE_INFOPLIST_FILE = YES;
				INFOPLIST_FILE = FlappyBird/Info.plist;
				INFOPLIST_KEY_UIApplicationSceneManifest_Generation = YES;
				INFOPLIST_KEY_UIApplicationSupportsIndirectInputEvents = YES;
				INFOPLIST_KEY_UILaunchScreen_Generation = YES;
				INFOPLIST_KEY_UISupportedInterfaceOrientations_iPad = "UIInterfaceOrientationPortrait UIInterfaceOrientationPortraitUpsideDown UIInterfaceOrientationLandscapeLeft UIInterfaceOrientationLandscapeRight";
				INFOPLIST_KEY_UISupportedInterfaceOrientations_iPhone = "UIInterfaceOrientationPortrait UIInterfaceOrientationLandscapeLeft UIInterfaceOrientationLandscapeRight";
				IPHONEOS_DEPLOYMENT_TARGET = 17.0;
				LD_RUNPATH_SEARCH_PATHS = (
					"$(inherited)",
					"@executable_path/Frameworks",
				);
				MARKETING_VERSION = 1.0;
				PRODUCT_BUNDLE_IDENTIFIER = TheRain.FlappyBird;
				PRODUCT_NAME = "$(TARGET_NAME)";
				SWIFT_EMIT_LOC_STRINGS = YES;
				SWIFT_VERSION = 5.0;
				TARGETED_DEVICE_FAMILY = "1,2";
			};
			name = Release;
		};
		38B0FA1D2C91F16E00866709 /* Debug */ = {
			isa = XCBuildConfiguration;
			buildSettings = {
				ASSETCATALOG_COMPILER_GLOBAL_ACCENT_COLOR_NAME = AccentColor;
				ASSETCATALOG_COMPILER_WIDGET_BACKGROUND_COLOR_NAME = WidgetBackground;
				CODE_SIGN_ENTITLEMENTS = FlappyWidgetExtension.entitlements;
				CODE_SIGN_STYLE = Automatic;
				CURRENT_PROJECT_VERSION = 1;
				DEVELOPMENT_TEAM = VVZTWZLT4N;
				GENERATE_INFOPLIST_FILE = YES;
				INFOPLIST_FILE = FlappyWidget/Info.plist;
				INFOPLIST_KEY_CFBundleDisplayName = FlappyWidget;
				INFOPLIST_KEY_NSHumanReadableCopyright = "";
				LD_RUNPATH_SEARCH_PATHS = (
					"$(inherited)",
					"@executable_path/Frameworks",
					"@executable_path/../../Frameworks",
				);
				MARKETING_VERSION = 1.0;
				PRODUCT_BUNDLE_IDENTIFIER = TheRain.FlappyBird.FlappyWidget;
				PRODUCT_NAME = "$(TARGET_NAME)";
				SKIP_INSTALL = YES;
				SWIFT_EMIT_LOC_STRINGS = YES;
				SWIFT_VERSION = 5.0;
				TARGETED_DEVICE_FAMILY = "1,2";
			};
			name = Debug;
		};
		38B0FA1E2C91F16E00866709 /* Release */ = {
			isa = XCBuildConfiguration;
			buildSettings = {
				ASSETCATALOG_COMPILER_GLOBAL_ACCENT_COLOR_NAME = AccentColor;
				ASSETCATALOG_COMPILER_WIDGET_BACKGROUND_COLOR_NAME = WidgetBackground;
				CODE_SIGN_ENTITLEMENTS = FlappyWidgetExtension.entitlements;
				CODE_SIGN_STYLE = Automatic;
				CURRENT_PROJECT_VERSION = 1;
				DEVELOPMENT_TEAM = VVZTWZLT4N;
				GENERATE_INFOPLIST_FILE = YES;
				INFOPLIST_FILE = FlappyWidget/Info.plist;
				INFOPLIST_KEY_CFBundleDisplayName = FlappyWidget;
				INFOPLIST_KEY_NSHumanReadableCopyright = "";
				LD_RUNPATH_SEARCH_PATHS = (
					"$(inherited)",
					"@executable_path/Frameworks",
					"@executable_path/../../Frameworks",
				);
				MARKETING_VERSION = 1.0;
				PRODUCT_BUNDLE_IDENTIFIER = TheRain.FlappyBird.FlappyWidget;
				PRODUCT_NAME = "$(TARGET_NAME)";
				SKIP_INSTALL = YES;
				SWIFT_EMIT_LOC_STRINGS = YES;
				SWIFT_VERSION = 5.0;
				TARGETED_DEVICE_FAMILY = "1,2";
			};
			name = Release;
		};
/* End XCBuildConfiguration section */

/* Begin XCConfigurationList section */
		3899F3702C146376000E6696 /* Build configuration list for PBXProject "FlappyBird" */ = {
			isa = XCConfigurationList;
			buildConfigurations = (
				3899F3812C146379000E6696 /* Debug */,
				3899F3822C146379000E6696 /* Release */,
			);
			defaultConfigurationIsVisible = 0;
			defaultConfigurationName = Release;
		};
		3899F3832C146379000E6696 /* Build configuration list for PBXNativeTarget "FlappyBird" */ = {
			isa = XCConfigurationList;
			buildConfigurations = (
				3899F3842C146379000E6696 /* Debug */,
				3899F3852C146379000E6696 /* Release */,
			);
			defaultConfigurationIsVisible = 0;
			defaultConfigurationName = Release;
		};
		38B0FA1F2C91F16E00866709 /* Build configuration list for PBXNativeTarget "FlappyWidgetExtension" */ = {
			isa = XCConfigurationList;
			buildConfigurations = (
				38B0FA1D2C91F16E00866709 /* Debug */,
				38B0FA1E2C91F16E00866709 /* Release */,
			);
			defaultConfigurationIsVisible = 0;
			defaultConfigurationName = Release;
		};
/* End XCConfigurationList section */
	};
	rootObject = 3899F36D2C146376000E6696 /* Project object */;
}
